<Solution>
  <Project Path="PowerPlant.Api/PowerPlant.Api.csproj" />
  <Project Path="PowerPlant.Models/PowerPlant.Models.csproj" />
  <Project Path="PowerPlant.Services.Tests/PowerPlant.Services.Tests.csproj" Id="135c55d3-ebf9-4d94-869e-b2ddcc380141" />
  <Project Path="PowerPlant.Services/PowerPlant.Services.csproj" />
</Solution>
